
Microsoft Visual Studio Solution File, Format Version 12.00
# Visual Studio Version 16
VisualStudioVersion = 16.0.31321.278
MinimumVisualStudioVersion = 10.0.40219.1
Project("{9A19103F-16F7-4668-BE54-9A1E7A4F7556}") = "Corvus.ReaqtiveWorkflow", "Corvus.ReaqtiveWorkflow.csproj", "{82181E97-919A-4C3C-99ED-DE2E11F8C529}"
EndProject
Global
	GlobalSection(SolutionConfigurationPlatforms) = preSolution
		Debug|Any CPU = Debug|Any CPU
		Release|Any CPU = Release|Any CPU
	EndGlobalSection
	GlobalSection(ProjectConfigurationPlatforms) = postSolution
		{82181E97-919A-4C3C-99ED-DE2E11F8C529}.Debug|Any CPU.ActiveCfg = Debug|Any CPU
		{82181E97-919A-4C3C-99ED-DE2E11F8C529}.Debug|Any CPU.Build.0 = Debug|Any CPU
		{82181E97-919A-4C3C-99ED-DE2E11F8C529}.Release|Any CPU.ActiveCfg = Release|Any CPU
		{82181E97-919A-4C3C-99ED-DE2E11F8C529}.Release|Any CPU.Build.0 = Release|Any CPU
	EndGlobalSection
	GlobalSection(SolutionProperties) = preSolution
		HideSolutionNode = FALSE
	EndGlobalSection
	GlobalSection(ExtensibilityGlobals) = postSolution
		SolutionGuid = {70AC1830-4947-4B3E-9AC6-20A3D0EDB104}
	EndGlobalSection
EndGlobal
